
Microsoft Visual Studio Solution File, Format Version 12.00
# Visual Studio Version 16
VisualStudioVersion = 16.0.30907.101
MinimumVisualStudioVersion = 10.0.40219.1
Project("{8BC9CEB8-8B4A-11D0-8D11-00A0C91BC942}") = "gui-test1", "gui-test1\gui-test1.vcxproj", "{17270B45-848C-46DA-A9F7-4F732F5CEEF6}"
EndProject
Project("{8BC9CEB8-8B4A-11D0-8D11-00A0C91BC942}") = "gui-test2", "gui-test2\gui-test2.vcxproj", "{F185DCC6-9AF7-4AD2-BA22-D776BD33CBB3}"
EndProject
Project("{8BC9CEB8-8B4A-11D0-8D11-00A0C91BC942}") = "modeless-dialog", "modeless-dialog\modeless-dialog.vcxproj", "{83A18F1D-09D8-4E96-94CD-E9591CE2D34A}"
EndProject
Project("{8BC9CEB8-8B4A-11D0-8D11-00A0C91BC942}") = "color-dialog", "color-dialog\color-dialog.vcxproj", "{54D8739E-FC4B-496E-88B9-FFEC31A89163}"
EndProject
Project("{8BC9CEB8-8B4A-11D0-8D11-00A0C91BC942}") = "file-dialog", "file-dialog\file-dialog.vcxproj", "{A575170F-24B7-4FEC-A8E1-70AD9CF0924A}"
EndProject
Project("{8BC9CEB8-8B4A-11D0-8D11-00A0C91BC942}") = "controls-1", "controls-1\controls-1.vcxproj", "{39887959-A8AF-417A-82C7-F585052BF2FD}"
EndProject
Global
	GlobalSection(SolutionConfigurationPlatforms) = preSolution
		Debug|x64 = Debug|x64
		Debug|x86 = Debug|x86
		Release|x64 = Release|x64
		Release|x86 = Release|x86
	EndGlobalSection
	GlobalSection(ProjectConfigurationPlatforms) = postSolution
		{17270B45-848C-46DA-A9F7-4F732F5CEEF6}.Debug|x64.ActiveCfg = Debug|x64
		{17270B45-848C-46DA-A9F7-4F732F5CEEF6}.Debug|x64.Build.0 = Debug|x64
		{17270B45-848C-46DA-A9F7-4F732F5CEEF6}.Debug|x86.ActiveCfg = Debug|Win32
		{17270B45-848C-46DA-A9F7-4F732F5CEEF6}.Debug|x86.Build.0 = Debug|Win32
		{17270B45-848C-46DA-A9F7-4F732F5CEEF6}.Release|x64.ActiveCfg = Release|x64
		{17270B45-848C-46DA-A9F7-4F732F5CEEF6}.Release|x64.Build.0 = Release|x64
		{17270B45-848C-46DA-A9F7-4F732F5CEEF6}.Release|x86.ActiveCfg = Release|Win32
		{17270B45-848C-46DA-A9F7-4F732F5CEEF6}.Release|x86.Build.0 = Release|Win32
		{F185DCC6-9AF7-4AD2-BA22-D776BD33CBB3}.Debug|x64.ActiveCfg = Debug|x64
		{F185DCC6-9AF7-4AD2-BA22-D776BD33CBB3}.Debug|x64.Build.0 = Debug|x64
		{F185DCC6-9AF7-4AD2-BA22-D776BD33CBB3}.Debug|x86.ActiveCfg = Debug|Win32
		{F185DCC6-9AF7-4AD2-BA22-D776BD33CBB3}.Debug|x86.Build.0 = Debug|Win32
		{F185DCC6-9AF7-4AD2-BA22-D776BD33CBB3}.Release|x64.ActiveCfg = Release|x64
		{F185DCC6-9AF7-4AD2-BA22-D776BD33CBB3}.Release|x64.Build.0 = Release|x64
		{F185DCC6-9AF7-4AD2-BA22-D776BD33CBB3}.Release|x86.ActiveCfg = Release|Win32
		{F185DCC6-9AF7-4AD2-BA22-D776BD33CBB3}.Release|x86.Build.0 = Release|Win32
		{83A18F1D-09D8-4E96-94CD-E9591CE2D34A}.Debug|x64.ActiveCfg = Debug|x64
		{83A18F1D-09D8-4E96-94CD-E9591CE2D34A}.Debug|x64.Build.0 = Debug|x64
		{83A18F1D-09D8-4E96-94CD-E9591CE2D34A}.Debug|x86.ActiveCfg = Debug|Win32
		{83A18F1D-09D8-4E96-94CD-E9591CE2D34A}.Debug|x86.Build.0 = Debug|Win32
		{83A18F1D-09D8-4E96-94CD-E9591CE2D34A}.Release|x64.ActiveCfg = Release|x64
		{83A18F1D-09D8-4E96-94CD-E9591CE2D34A}.Release|x64.Build.0 = Release|x64
		{83A18F1D-09D8-4E96-94CD-E9591CE2D34A}.Release|x86.ActiveCfg = Release|Win32
		{83A18F1D-09D8-4E96-94CD-E9591CE2D34A}.Release|x86.Build.0 = Release|Win32
		{54D8739E-FC4B-496E-88B9-FFEC31A89163}.Debug|x64.ActiveCfg = Debug|x64
		{54D8739E-FC4B-496E-88B9-FFEC31A89163}.Debug|x64.Build.0 = Debug|x64
		{54D8739E-FC4B-496E-88B9-FFEC31A89163}.Debug|x86.ActiveCfg = Debug|Win32
		{54D8739E-FC4B-496E-88B9-FFEC31A89163}.Debug|x86.Build.0 = Debug|Win32
		{54D8739E-FC4B-496E-88B9-FFEC31A89163}.Release|x64.ActiveCfg = Release|x64
		{54D8739E-FC4B-496E-88B9-FFEC31A89163}.Release|x64.Build.0 = Release|x64
		{54D8739E-FC4B-496E-88B9-FFEC31A89163}.Release|x86.ActiveCfg = Release|Win32
		{54D8739E-FC4B-496E-88B9-FFEC31A89163}.Release|x86.Build.0 = Release|Win32
		{A575170F-24B7-4FEC-A8E1-70AD9CF0924A}.Debug|x64.ActiveCfg = Debug|x64
		{A575170F-24B7-4FEC-A8E1-70AD9CF0924A}.Debug|x64.Build.0 = Debug|x64
		{A575170F-24B7-4FEC-A8E1-70AD9CF0924A}.Debug|x86.ActiveCfg = Debug|Win32
		{A575170F-24B7-4FEC-A8E1-70AD9CF0924A}.Debug|x86.Build.0 = Debug|Win32
		{A575170F-24B7-4FEC-A8E1-70AD9CF0924A}.Release|x64.ActiveCfg = Release|x64
		{A575170F-24B7-4FEC-A8E1-70AD9CF0924A}.Release|x64.Build.0 = Release|x64
		{A575170F-24B7-4FEC-A8E1-70AD9CF0924A}.Release|x86.ActiveCfg = Release|Win32
		{A575170F-24B7-4FEC-A8E1-70AD9CF0924A}.Release|x86.Build.0 = Release|Win32
		{39887959-A8AF-417A-82C7-F585052BF2FD}.Debug|x64.ActiveCfg = Debug|x64
		{39887959-A8AF-417A-82C7-F585052BF2FD}.Debug|x64.Build.0 = Debug|x64
		{39887959-A8AF-417A-82C7-F585052BF2FD}.Debug|x86.ActiveCfg = Debug|Win32
		{39887959-A8AF-417A-82C7-F585052BF2FD}.Debug|x86.Build.0 = Debug|Win32
		{39887959-A8AF-417A-82C7-F585052BF2FD}.Release|x64.ActiveCfg = Release|x64
		{39887959-A8AF-417A-82C7-F585052BF2FD}.Release|x64.Build.0 = Release|x64
		{39887959-A8AF-417A-82C7-F585052BF2FD}.Release|x86.ActiveCfg = Release|Win32
		{39887959-A8AF-417A-82C7-F585052BF2FD}.Release|x86.Build.0 = Release|Win32
	EndGlobalSection
	GlobalSection(SolutionProperties) = preSolution
		HideSolutionNode = FALSE
	EndGlobalSection
	GlobalSection(ExtensibilityGlobals) = postSolution
		SolutionGuid = {BDAB1BCC-2B01-4AB8-9F10-4E0C073517E3}
	EndGlobalSection
EndGlobal
